
Microsoft Visual Studio Solution File, Format Version 11.00
# Visual C# Express 2010
Project("{FAE04EC0-301F-11D3-BF4B-00C04F79EFBC}") = "WindowsGame3", "WindowsGame3\WindowsGame3\WindowsGame3.csproj", "{739BCF09-4E23-4F08-B6C1-F3DF6265BD2D}"
EndProject
Project("{96E2B04D-8817-42C6-938A-82C39BA4D311}") = "WindowsGame3Content", "WindowsGame3\WindowsGame3Content\WindowsGame3Content.contentproj", "{9AB1A7F5-1466-4E3C-A2D3-E481BDC538C8}"
EndProject
Global
	GlobalSection(SolutionConfigurationPlatforms) = preSolution
		Debug|x86 = Debug|x86
		Release|x86 = Release|x86
	EndGlobalSection
	GlobalSection(ProjectConfigurationPlatforms) = postSolution
		{739BCF09-4E23-4F08-B6C1-F3DF6265BD2D}.Debug|x86.ActiveCfg = Debug|x86
		{739BCF09-4E23-4F08-B6C1-F3DF6265BD2D}.Debug|x86.Build.0 = Debug|x86
		{739BCF09-4E23-4F08-B6C1-F3DF6265BD2D}.Release|x86.ActiveCfg = Release|x86
		{739BCF09-4E23-4F08-B6C1-F3DF6265BD2D}.Release|x86.Build.0 = Release|x86
		{9AB1A7F5-1466-4E3C-A2D3-E481BDC538C8}.Debug|x86.ActiveCfg = Debug|x86
		{9AB1A7F5-1466-4E3C-A2D3-E481BDC538C8}.Release|x86.ActiveCfg = Release|x86
	EndGlobalSection
	GlobalSection(SolutionProperties) = preSolution
		HideSolutionNode = FALSE
	EndGlobalSection
EndGlobal
